// !$*UTF8*$!
{
	archiveVersion = 1;
	classes = {
	};
	objectVersion = 55;
	objects = {

/* Begin PBXBuildFile section */
		5320D7E32A5FF34800C318B7 /* AppDelegate.swift in Sources */ = {isa = PBXBuildFile; fileRef = 5320D7E22A5FF34800C318B7 /* AppDelegate.swift */; };
		5320D7E52A5FF34800C318B7 /* SceneDelegate.swift in Sources */ = {isa = PBXBuildFile; fileRef = 5320D7E42A5FF34800C318B7 /* SceneDelegate.swift */; };
		5320D7E72A5FF34800C318B7 /* ViewController.swift in Sources */ = {isa = PBXBuildFile; fileRef = 5320D7E62A5FF34800C318B7 /* ViewController.swift */; };
		5320D7EA2A5FF34800C318B7 /* Main.storyboard in Resources */ = {isa = PBXBuildFile; fileRef = 5320D7E82A5FF34800C318B7 /* Main.storyboard */; };
		5320D7EC2A5FF34A00C318B7 /* Assets.xcassets in Resources */ = {isa = PBXBuildFile; fileRef = 5320D7EB2A5FF34A00C318B7 /* Assets.xcassets */; };
		5320D7EF2A5FF34A00C318B7 /* LaunchScreen.storyboard in Resources */ = {isa = PBXBuildFile; fileRef = 5320D7ED2A5FF34A00C318B7 /* LaunchScreen.storyboard */; };
		5320D7FA2A5FF34B00C318B7 /* moviesAppTests.swift in Sources */ = {isa = PBXBuildFile; fileRef = 5320D7F92A5FF34B00C318B7 /* moviesAppTests.swift */; };
		5320D8042A5FF34B00C318B7 /* moviesAppUITests.swift in Sources */ = {isa = PBXBuildFile; fileRef = 5320D8032A5FF34B00C318B7 /* moviesAppUITests.swift */; };
		5320D8062A5FF34B00C318B7 /* moviesAppUITestsLaunchTests.swift in Sources */ = {isa = PBXBuildFile; fileRef = 5320D8052A5FF34B00C318B7 /* moviesAppUITestsLaunchTests.swift */; };
/* End PBXBuildFile section */

/* Begin PBXContainerItemProxy section */
		5320D7F62A5FF34B00C318B7 /* PBXContainerItemProxy */ = {
			isa = PBXContainerItemProxy;
			containerPortal = 5320D7D72A5FF34800C318B7 /* Project object */;
			proxyType = 1;
			remoteGlobalIDString = 5320D7DE2A5FF34800C318B7;
			remoteInfo = moviesApp;
		};
		5320D8002A5FF34B00C318B7 /* PBXContainerItemProxy */ = {
			isa = PBXContainerItemProxy;
			containerPortal = 5320D7D72A5FF34800C318B7 /* Project object */;
			proxyType = 1;
			remoteGlobalIDString = 5320D7DE2A5FF34800C318B7;
			remoteInfo = moviesApp;
		};
/* End PBXContainerItemProxy section */

/* Begin PBXFileReference section */
		5320D7DF2A5FF34800C318B7 /* moviesApp.app */ = {isa = PBXFileReference; explicitFileType = wrapper.application; includeInIndex = 0; path = moviesApp.app; sourceTree = BUILT_PRODUCTS_DIR; };
		5320D7E22A5FF34800C318B7 /* AppDelegate.swift */ = {isa = PBXFileReference; lastKnownFileType = sourcecode.swift; path = AppDelegate.swift; sourceTree = "<group>"; };
		5320D7E42A5FF34800C318B7 /* SceneDelegate.swift */ = {isa = PBXFileReference; lastKnownFileType = sourcecode.swift; path = SceneDelegate.swift; sourceTree = "<group>"; };
		5320D7E62A5FF34800C318B7 /* ViewController.swift */ = {isa = PBXFileReference; lastKnownFileType = sourcecode.swift; path = ViewController.swift; sourceTree = "<group>"; };
		5320D7E92A5FF34800C318B7 /* Base */ = {isa = PBXFileReference; lastKnownFileType = file.storyboard; name = Base; path = Base.lproj/Main.storyboard; sourceTree = "<group>"; };
		5320D7EB2A5FF34A00C318B7 /* Assets.xcassets */ = {isa = PBXFileReference; lastKnownFileType = folder.assetcatalog; path = Assets.xcassets; sourceTree = "<group>"; };
		5320D7EE2A5FF34A00C318B7 /* Base */ = {isa = PBXFileReference; lastKnownFileType = file.storyboard; name = Base; path = Base.lproj/LaunchScreen.storyboard; sourceTree = "<group>"; };
		5320D7F02A5FF34A00C318B7 /* Info.plist */ = {isa = PBXFileReference; lastKnownFileType = text.plist.xml; path = Info.plist; sourceTree = "<group>"; };
		5320D7F52A5FF34B00C318B7 /* moviesAppTests.xctest */ = {isa = PBXFileReference; explicitFileType = wrapper.cfbundle; includeInIndex = 0; path = moviesAppTests.xctest; sourceTree = BUILT_PRODUCTS_DIR; };
		5320D7F92A5FF34B00C318B7 /* moviesAppTests.swift */ = {isa = PBXFileReference; lastKnownFileType = sourcecode.swift; path = moviesAppTests.swift; sourceTree = "<group>"; };
		5320D7FF2A5FF34B00C318B7 /* moviesAppUITests.xctest */ = {isa = PBXFileReference; explicitFileType = wrapper.cfbundle; includeInIndex = 0; path = moviesAppUITests.xctest; sourceTree = BUILT_PRODUCTS_DIR; };
		5320D8032A5FF34B00C318B7 /* moviesAppUITests.swift */ = {isa = PBXFileReference; lastKnownFileType = sourcecode.swift; path = moviesAppUITests.swift; sourceTree = "<group>"; };
		5320D8052A5FF34B00C318B7 /* moviesAppUITestsLaunchTests.swift */ = {isa = PBXFileReference; lastKnownFileType = sourcecode.swift; path = moviesAppUITestsLaunchTests.swift; sourceTree = "<group>"; };
/* End PBXFileReference section */

/* Begin PBXFrameworksBuildPhase section */
		5320D7DC2A5FF34800C318B7 /* Frameworks */ = {
			isa = PBXFrameworksBuildPhase;
			buildActionMask = 2147483647;
			files = (
			);
			runOnlyForDeploymentPostprocessing = 0;
		};
		5320D7F22A5FF34B00C318B7 /* Frameworks */ = {
			isa = PBXFrameworksBuildPhase;
			buildActionMask = 2147483647;
			files = (
			);
			runOnlyForDeploymentPostprocessing = 0;
		};
		5320D7FC2A5FF34B00C318B7 /* Frameworks */ = {
			isa = PBXFrameworksBuildPhase;
			buildActionMask = 2147483647;
			files = (
			);
			runOnlyForDeploymentPostprocessing = 0;
		};
/* End PBXFrameworksBuildPhase section */

/* Begin PBXGroup section */
		5320D7D62A5FF34800C318B7 = {
			isa = PBXGroup;
			children = (
				5320D7E12A5FF34800C318B7 /* moviesApp */,
				5320D7F82A5FF34B00C318B7 /* moviesAppTests */,
				5320D8022A5FF34B00C318B7 /* moviesAppUITests */,
				5320D7E02A5FF34800C318B7 /* Products */,
			);
			sourceTree = "<group>";
		};
		5320D7E02A5FF34800C318B7 /* Products */ = {
			isa = PBXGroup;
			children = (
				5320D7DF2A5FF34800C318B7 /* moviesApp.app */,
				5320D7F52A5FF34B00C318B7 /* moviesAppTests.xctest */,
				5320D7FF2A5FF34B00C318B7 /* moviesAppUITests.xctest */,
			);
			name = Products;
			sourceTree = "<group>";
		};
		5320D7E12A5FF34800C318B7 /* moviesApp */ = {
			isa = PBXGroup;
			children = (
				5320D7E22A5FF34800C318B7 /* AppDelegate.swift */,
				5320D7E42A5FF34800C318B7 /* SceneDelegate.swift */,
				5320D7E62A5FF34800C318B7 /* ViewController.swift */,
				5320D7E82A5FF34800C318B7 /* Main.storyboard */,
				5320D7EB2A5FF34A00C318B7 /* Assets.xcassets */,
				5320D7ED2A5FF34A00C318B7 /* LaunchScreen.storyboard */,
				5320D7F02A5FF34A00C318B7 /* Info.plist */,
			);
			path = moviesApp;
			sourceTree = "<group>";
		};
		5320D7F82A5FF34B00C318B7 /* moviesAppTests */ = {
			isa = PBXGroup;
			children = (
				5320D7F92A5FF34B00C318B7 /* moviesAppTests.swift */,
			);
			path = moviesAppTests;
			sourceTree = "<group>";
		};
		5320D8022A5FF34B00C318B7 /* moviesAppUITests */ = {
			isa = PBXGroup;
			children = (
				5320D8032A5FF34B00C318B7 /* moviesAppUITests.swift */,
				5320D8052A5FF34B00C318B7 /* moviesAppUITestsLaunchTests.swift */,
			);
			path = moviesAppUITests;
			sourceTree = "<group>";
		};
/* End PBXGroup section */

/* Begin PBXNativeTarget section */
		5320D7DE2A5FF34800C318B7 /* moviesApp */ = {
			isa = PBXNativeTarget;
			buildConfigurationList = 5320D8092A5FF34B00C318B7 /* Build configuration list for PBXNativeTarget "moviesApp" */;
			buildPhases = (
				5320D7DB2A5FF34800C318B7 /* Sources */,
				5320D7DC2A5FF34800C318B7 /* Frameworks */,
				5320D7DD2A5FF34800C318B7 /* Resources */,
			);
			buildRules = (
			);
			dependencies = (
			);
			name = moviesApp;
			productName = moviesApp;
			productReference = 5320D7DF2A5FF34800C318B7 /* moviesApp.app */;
			productType = "com.apple.product-type.application";
		};
		5320D7F42A5FF34B00C318B7 /* moviesAppTests */ = {
			isa = PBXNativeTarget;
			buildConfigurationList = 5320D80C2A5FF34B00C318B7 /* Build configuration list for PBXNativeTarget "moviesAppTests" */;
			buildPhases = (
				5320D7F12A5FF34B00C318B7 /* Sources */,
				5320D7F22A5FF34B00C318B7 /* Frameworks */,
				5320D7F32A5FF34B00C318B7 /* Resources */,
			);
			buildRules = (
			);
			dependencies = (
				5320D7F72A5FF34B00C318B7 /* PBXTargetDependency */,
			);
			name = moviesAppTests;
			productName = moviesAppTests;
			productReference = 5320D7F52A5FF34B00C318B7 /* moviesAppTests.xctest */;
			productType = "com.apple.product-type.bundle.unit-test";
		};
		5320D7FE2A5FF34B00C318B7 /* moviesAppUITests */ = {
			isa = PBXNativeTarget;
			buildConfigurationList = 5320D80F2A5FF34B00C318B7 /* Build configuration list for PBXNativeTarget "moviesAppUITests" */;
			buildPhases = (
				5320D7FB2A5FF34B00C318B7 /* Sources */,
				5320D7FC2A5FF34B00C318B7 /* Frameworks */,
				5320D7FD2A5FF34B00C318B7 /* Resources */,
			);
			buildRules = (
			);
			dependencies = (
				5320D8012A5FF34B00C318B7 /* PBXTargetDependency */,
			);
			name = moviesAppUITests;
			productName = moviesAppUITests;
			productReference = 5320D7FF2A5FF34B00C318B7 /* moviesAppUITests.xctest */;
			productType = "com.apple.product-type.bundle.ui-testing";
		};
/* End PBXNativeTarget section */

/* Begin PBXProject section */
		5320D7D72A5FF34800C318B7 /* Project object */ = {
			isa = PBXProject;
			attributes = {
				BuildIndependentTargetsInParallel = 1;
				LastSwiftUpdateCheck = 1330;
				LastUpgradeCheck = 1330;
				TargetAttributes = {
					5320D7DE2A5FF34800C318B7 = {
						CreatedOnToolsVersion = 13.3;
					};
					5320D7F42A5FF34B00C318B7 = {
						CreatedOnToolsVersion = 13.3;
						TestTargetID = 5320D7DE2A5FF34800C318B7;
					};
					5320D7FE2A5FF34B00C318B7 = {
						CreatedOnToolsVersion = 13.3;
						TestTargetID = 5320D7DE2A5FF34800C318B7;
					};
				};
			};
			buildConfigurationList = 5320D7DA2A5FF34800C318B7 /* Build configuration list for PBXProject "moviesApp" */;
			compatibilityVersion = "Xcode 13.0";
			developmentRegion = en;
			hasScannedForEncodings = 0;
			knownRegions = (
				en,
				Base,
			);
			mainGroup = 5320D7D62A5FF34800C318B7;
			productRefGroup = 5320D7E02A5FF34800C318B7 /* Products */;
			projectDirPath = "";
			projectRoot = "";
			targets = (
				5320D7DE2A5FF34800C318B7 /* moviesApp */,
				5320D7F42A5FF34B00C318B7 /* moviesAppTests */,
				5320D7FE2A5FF34B00C318B7 /* moviesAppUITests */,
			);
		};
/* End PBXProject section */

/* Begin PBXResourcesBuildPhase section */
		5320D7DD2A5FF34800C318B7 /* Resources */ = {
			isa = PBXResourcesBuildPhase;
			buildActionMask = 2147483647;
			files = (
				5320D7EF2A5FF34A00C318B7 /* LaunchScreen.storyboard in Resources */,
				5320D7EC2A5FF34A00C318B7 /* Assets.xcassets in Resources */,
				5320D7EA2A5FF34800C318B7 /* Main.storyboard in Resources */,
			);
			runOnlyForDeploymentPostprocessing = 0;
		};
		5320D7F32A5FF34B00C318B7 /* Resources */ = {
			isa = PBXResourcesBuildPhase;
			buildActionMask = 2147483647;
			files = (
			);
			runOnlyForDeploymentPostprocessing = 0;
		};
		5320D7FD2A5FF34B00C318B7 /* Resources */ = {
			isa = PBXResourcesBuildPhase;
			buildActionMask = 2147483647;
			files = (
			);
			runOnlyForDeploymentPostprocessing = 0;
		};
/* End PBXResourcesBuildPhase section */

/* Begin PBXSourcesBuildPhase section */
		5320D7DB2A5FF34800C318B7 /* Sources */ = {
			isa = PBXSourcesBuildPhase;
			buildActionMask = 2147483647;
			files = (
				5320D7E72A5FF34800C318B7 /* ViewController.swift in Sources */,
				5320D7E32A5FF34800C318B7 /* AppDelegate.swift in Sources */,
				5320D7E52A5FF34800C318B7 /* SceneDelegate.swift in Sources */,
			);
			runOnlyForDeploymentPostprocessing = 0;
		};
		5320D7F12A5FF34B00C318B7 /* Sources */ = {
			isa = PBXSourcesBuildPhase;
			buildActionMask = 2147483647;
			files = (
				5320D7FA2A5FF34B00C318B7 /* moviesAppTests.swift in Sources */,
			);
			runOnlyForDeploymentPostprocessing = 0;
		};
		5320D7FB2A5FF34B00C318B7 /* Sources */ = {
			isa = PBXSourcesBuildPhase;
			buildActionMask = 2147483647;
			files = (
				5320D8042A5FF34B00C318B7 /* moviesAppUITests.swift in Sources */,
				5320D8062A5FF34B00C318B7 /* moviesAppUITestsLaunchTests.swift in Sources */,
			);
			runOnlyForDeploymentPostprocessing = 0;
		};
/* End PBXSourcesBuildPhase section */

/* Begin PBXTargetDependency section */
		5320D7F72A5FF34B00C318B7 /* PBXTargetDependency */ = {
			isa = PBXTargetDependency;
			target = 5320D7DE2A5FF34800C318B7 /* moviesApp */;
			targetProxy = 5320D7F62A5FF34B00C318B7 /* PBXContainerItemProxy */;
		};
		5320D8012A5FF34B00C318B7 /* PBXTargetDependency */ = {
			isa = PBXTargetDependency;
			target = 5320D7DE2A5FF34800C318B7 /* moviesApp */;
			targetProxy = 5320D8002A5FF34B00C318B7 /* PBXContainerItemProxy */;
		};
/* End PBXTargetDependency section */

/* Begin PBXVariantGroup section */
		5320D7E82A5FF34800C318B7 /* Main.storyboard */ = {
			isa = PBXVariantGroup;
			children = (
				5320D7E92A5FF34800C318B7 /* Base */,
			);
			name = Main.storyboard;
			sourceTree = "<group>";
		};
		5320D7ED2A5FF34A00C318B7 /* LaunchScreen.storyboard */ = {
			isa = PBXVariantGroup;
			children = (
				5320D7EE2A5FF34A00C318B7 /* Base */,
			);
			name = LaunchScreen.storyboard;
			sourceTree = "<group>";
		};
/* End PBXVariantGroup section */

/* Begin XCBuildConfiguration section */
		5320D8072A5FF34B00C318B7 /* Debug */ = {
			isa = XCBuildConfiguration;
			buildSettings = {
				ALWAYS_SEARCH_USER_PATHS = NO;
				CLANG_ANALYZER_NONNULL = YES;
				CLANG_ANALYZER_NUMBER_OBJECT_CONVERSION = YES_AGGRESSIVE;
				CLANG_CXX_LANGUAGE_STANDARD = "gnu++17";
				CLANG_ENABLE_MODULES = YES;
				CLANG_ENABLE_OBJC_ARC = YES;
				CLANG_ENABLE_OBJC_WEAK = YES;
				CLANG_WARN_BLOCK_CAPTURE_AUTORELEASING = YES;
				CLANG_WARN_BOOL_CONVERSION = YES;
				CLANG_WARN_COMMA = YES;
				CLANG_WARN_CONSTANT_CONVERSION = YES;
				CLANG_WARN_DEPRECATED_OBJC_IMPLEMENTATIONS = YES;
				CLANG_WARN_DIRECT_OBJC_ISA_USAGE = YES_ERROR;
				CLANG_WARN_DOCUMENTATION_COMMENTS = YES;
				CLANG_WARN_EMPTY_BODY = YES;
				CLANG_WARN_ENUM_CONVERSION = YES;
				CLANG_WARN_INFINITE_RECURSION = YES;
				CLANG_WARN_INT_CONVERSION = YES;
				CLANG_WARN_NON_LITERAL_NULL_CONVERSION = YES;
				CLANG_WARN_OBJC_IMPLICIT_RETAIN_SELF = YES;
				CLANG_WARN_OBJC_LITERAL_CONVERSION = YES;
				CLANG_WARN_OBJC_ROOT_CLASS = YES_ERROR;
				CLANG_WARN_QUOTED_INCLUDE_IN_FRAMEWORK_HEADER = YES;
				CLANG_WARN_RANGE_LOOP_ANALYSIS = YES;
				CLANG_WARN_STRICT_PROTOTYPES = YES;
				CLANG_WARN_SUSPICIOUS_MOVE = YES;
				CLANG_WARN_UNGUARDED_AVAILABILITY = YES_AGGRESSIVE;
				CLANG_WARN_UNREACHABLE_CODE = YES;
				CLANG_WARN__DUPLICATE_METHOD_MATCH = YES;
				COPY_PHASE_STRIP = NO;
				DEBUG_INFORMATION_FORMAT = dwarf;
				ENABLE_STRICT_OBJC_MSGSEND = YES;
				ENABLE_TESTABILITY = YES;
				GCC_C_LANGUAGE_STANDARD = gnu11;
				GCC_DYNAMIC_NO_PIC = NO;
				GCC_NO_COMMON_BLOCKS = YES;
				GCC_OPTIMIZATION_LEVEL = 0;
				GCC_PREPROCESSOR_DEFINITIONS = (
					"DEBUG=1",
					"$(inherited)",
				);
				GCC_WARN_64_TO_32_BIT_CONVERSION = YES;
				GCC_WARN_ABOUT_RETURN_TYPE = YES_ERROR;
				GCC_WARN_UNDECLARED_SELECTOR = YES;
				GCC_WARN_UNINITIALIZED_AUTOS = YES_AGGRESSIVE;
				GCC_WARN_UNUSED_FUNCTION = YES;
				GCC_WARN_UNUSED_VARIABLE = YES;
				IPHONEOS_DEPLOYMENT_TARGET = 15.4;
				MTL_ENABLE_DEBUG_INFO = INCLUDE_SOURCE;
				MTL_FAST_MATH = YES;
				ONLY_ACTIVE_ARCH = YES;
				SDKROOT = iphoneos;
				SWIFT_ACTIVE_COMPILATION_CONDITIONS = DEBUG;
				SWIFT_OPTIMIZATION_LEVEL = "-Onone";
			};
			name = Debug;
		};
		5320D8082A5FF34B00C318B7 /* Release */ = {
			isa = XCBuildConfiguration;
			buildSettings = {
				ALWAYS_SEARCH_USER_PATHS = NO;
				CLANG_ANALYZER_NONNULL = YES;
				CLANG_ANALYZER_NUMBER_OBJECT_CONVERSION = YES_AGGRESSIVE;
				CLANG_CXX_LANGUAGE_STANDARD = "gnu++17";
				CLANG_ENABLE_MODULES = YES;
				CLANG_ENABLE_OBJC_ARC = YES;
				CLANG_ENABLE_OBJC_WEAK = YES;
				CLANG_WARN_BLOCK_CAPTURE_AUTORELEASING = YES;
				CLANG_WARN_BOOL_CONVERSION = YES;
				CLANG_WARN_COMMA = YES;
				CLANG_WARN_CONSTANT_CONVERSION = YES;
				CLANG_WARN_DEPRECATED_OBJC_IMPLEMENTATIONS = YES;
				CLANG_WARN_DIRECT_OBJC_ISA_USAGE = YES_ERROR;
				CLANG_WARN_DOCUMENTATION_COMMENTS = YES;
				CLANG_WARN_EMPTY_BODY = YES;
				CLANG_WARN_ENUM_CONVERSION = YES;
				CLANG_WARN_INFINITE_RECURSION = YES;
				CLANG_WARN_INT_CONVERSION = YES;
				CLANG_WARN_NON_LITERAL_NULL_CONVERSION = YES;
				CLANG_WARN_OBJC_IMPLICIT_RETAIN_SELF = YES;
				CLANG_WARN_OBJC_LITERAL_CONVERSION = YES;
				CLANG_WARN_OBJC_ROOT_CLASS = YES_ERROR;
				CLANG_WARN_QUOTED_INCLUDE_IN_FRAMEWORK_HEADER = YES;
				CLANG_WARN_RANGE_LOOP_ANALYSIS = YES;
				CLANG_WARN_STRICT_PROTOTYPES = YES;
				CLANG_WARN_SUSPICIOUS_MOVE = YES;
				CLANG_WARN_UNGUARDED_AVAILABILITY = YES_AGGRESSIVE;
				CLANG_WARN_UNREACHABLE_CODE = YES;
				CLANG_WARN__DUPLICATE_METHOD_MATCH = YES;
				COPY_PHASE_STRIP = NO;
				DEBUG_INFORMATION_FORMAT = "dwarf-with-dsym";
				ENABLE_NS_ASSERTIONS = NO;
				ENABLE_STRICT_OBJC_MSGSEND = YES;
				GCC_C_LANGUAGE_STANDARD = gnu11;
				GCC_NO_COMMON_BLOCKS = YES;
				GCC_WARN_64_TO_32_BIT_CONVERSION = YES;
				GCC_WARN_ABOUT_RETURN_TYPE = YES_ERROR;
				GCC_WARN_UNDECLARED_SELECTOR = YES;
				GCC_WARN_UNINITIALIZED_AUTOS = YES_AGGRESSIVE;
				GCC_WARN_UNUSED_FUNCTION = YES;
				GCC_WARN_UNUSED_VARIABLE = YES;
				IPHONEOS_DEPLOYMENT_TARGET = 15.4;
				MTL_ENABLE_DEBUG_INFO = NO;
				MTL_FAST_MATH = YES;
				SDKROOT = iphoneos;
				SWIFT_COMPILATION_MODE = wholemodule;
				SWIFT_OPTIMIZATION_LEVEL = "-O";
				VALIDATE_PRODUCT = YES;
			};
			name = Release;
		};
		5320D80A2A5FF34B00C318B7 /* Debug */ = {
			isa = XCBuildConfiguration;
			buildSettings = {
				ASSETCATALOG_COMPILER_APPICON_NAME = AppIcon;
				ASSETCATALOG_COMPILER_GLOBAL_ACCENT_COLOR_NAME = AccentColor;
				CODE_SIGN_STYLE = Automatic;
				CURRENT_PROJECT_VERSION = 1;
				GENERATE_INFOPLIST_FILE = YES;
				INFOPLIST_FILE = moviesApp/Info.plist;
				INFOPLIST_KEY_UIApplicationSupportsIndirectInputEvents = YES;
				INFOPLIST_KEY_UILaunchStoryboardName = LaunchScreen;
				INFOPLIST_KEY_UIMainStoryboardFile = Main;
				INFOPLIST_KEY_UISupportedInterfaceOrientations_iPad = "UIInterfaceOrientationPortrait UIInterfaceOrientationPortraitUpsideDown UIInterfaceOrientationLandscapeLeft UIInterfaceOrientationLandscapeRight";
				INFOPLIST_KEY_UISupportedInterfaceOrientations_iPhone = "UIInterfaceOrientationPortrait UIInterfaceOrientationLandscapeLeft UIInterfaceOrientationLandscapeRight";
				LD_RUNPATH_SEARCH_PATHS = (
					"$(inherited)",
					"@executable_path/Frameworks",
				);
				MARKETING_VERSION = 1.0;
				PRODUCT_BUNDLE_IDENTIFIER = com.dorin.moviesApp;
				PRODUCT_NAME = "$(TARGET_NAME)";
				SWIFT_EMIT_LOC_STRINGS = YES;
				SWIFT_VERSION = 5.0;
				TARGETED_DEVICE_FAMILY = "1,2";
			};
			name = Debug;
		};
		5320D80B2A5FF34B00C318B7 /* Release */ = {
			isa = XCBuildConfiguration;
			buildSettings = {
				ASSETCATALOG_COMPILER_APPICON_NAME = AppIcon;
				ASSETCATALOG_COMPILER_GLOBAL_ACCENT_COLOR_NAME = AccentColor;
				CODE_SIGN_STYLE = Automatic;
				CURRENT_PROJECT_VERSION = 1;
				GENERATE_INFOPLIST_FILE = YES;
				INFOPLIST_FILE = moviesApp/Info.plist;
				INFOPLIST_KEY_UIApplicationSupportsIndirectInputEvents = YES;
				INFOPLIST_KEY_UILaunchStoryboardName = LaunchScreen;
				INFOPLIST_KEY_UIMainStoryboardFile = Main;
				INFOPLIST_KEY_UISupportedInterfaceOrientations_iPad = "UIInterfaceOrientationPortrait UIInterfaceOrientationPortraitUpsideDown UIInterfaceOrientationLandscapeLeft UIInterfaceOrientationLandscapeRight";
				INFOPLIST_KEY_UISupportedInterfaceOrientations_iPhone = "UIInterfaceOrientationPortrait UIInterfaceOrientationLandscapeLeft UIInterfaceOrientationLandscapeRight";
				LD_RUNPATH_SEARCH_PATHS = (
					"$(inherited)",
					"@executable_path/Frameworks",
				);
				MARKETING_VERSION = 1.0;
				PRODUCT_BUNDLE_IDENTIFIER = com.dorin.moviesApp;
				PRODUCT_NAME = "$(TARGET_NAME)";
				SWIFT_EMIT_LOC_STRINGS = YES;
				SWIFT_VERSION = 5.0;
				TARGETED_DEVICE_FAMILY = "1,2";
			};
			name = Release;
		};
		5320D80D2A5FF34B00C318B7 /* Debug */ = {
			isa = XCBuildConfiguration;
			buildSettings = {
				ALWAYS_EMBED_SWIFT_STANDARD_LIBRARIES = YES;
				BUNDLE_LOADER = "$(TEST_HOST)";
				CODE_SIGN_STYLE = Automatic;
				CURRENT_PROJECT_VERSION = 1;
				GENERATE_INFOPLIST_FILE = YES;
				IPHONEOS_DEPLOYMENT_TARGET = 15.4;
				MARKETING_VERSION = 1.0;
				PRODUCT_BUNDLE_IDENTIFIER = com.dorin.moviesAppTests;
				PRODUCT_NAME = "$(TARGET_NAME)";
				SWIFT_EMIT_LOC_STRINGS = NO;
				SWIFT_VERSION = 5.0;
				TARGETED_DEVICE_FAMILY = "1,2";
				TEST_HOST = "$(BUILT_PRODUCTS_DIR)/moviesApp.app/moviesApp";
			};
			name = Debug;
		};
		5320D80E2A5FF34B00C318B7 /* Release */ = {
			isa = XCBuildConfiguration;
			buildSettings = {
				ALWAYS_EMBED_SWIFT_STANDARD_LIBRARIES = YES;
				BUNDLE_LOADER = "$(TEST_HOST)";
				CODE_SIGN_STYLE = Automatic;
				CURRENT_PROJECT_VERSION = 1;
				GENERATE_INFOPLIST_FILE = YES;
				IPHONEOS_DEPLOYMENT_TARGET = 15.4;
				MARKETING_VERSION = 1.0;
				PRODUCT_BUNDLE_IDENTIFIER = com.dorin.moviesAppTests;
				PRODUCT_NAME = "$(TARGET_NAME)";
				SWIFT_EMIT_LOC_STRINGS = NO;
				SWIFT_VERSION = 5.0;
				TARGETED_DEVICE_FAMILY = "1,2";
				TEST_HOST = "$(BUILT_PRODUCTS_DIR)/moviesApp.app/moviesApp";
			};
			name = Release;
		};
		5320D8102A5FF34B00C318B7 /* Debug */ = {
			isa = XCBuildConfiguration;
			buildSettings = {
				ALWAYS_EMBED_SWIFT_STANDARD_LIBRARIES = YES;
				CODE_SIGN_STYLE = Automatic;
				CURRENT_PROJECT_VERSION = 1;
				GENERATE_INFOPLIST_FILE = YES;
				MARKETING_VERSION = 1.0;
				PRODUCT_BUNDLE_IDENTIFIER = com.dorin.moviesAppUITests;
				PRODUCT_NAME = "$(TARGET_NAME)";
				SWIFT_EMIT_LOC_STRINGS = NO;
				SWIFT_VERSION = 5.0;
				TARGETED_DEVICE_FAMILY = "1,2";
				TEST_TARGET_NAME = moviesApp;
			};
			name = Debug;
		};
		5320D8112A5FF34B00C318B7 /* Release */ = {
			isa = XCBuildConfiguration;
			buildSettings = {
				ALWAYS_EMBED_SWIFT_STANDARD_LIBRARIES = YES;
				CODE_SIGN_STYLE = Automatic;
				CURRENT_PROJECT_VERSION = 1;
				GENERATE_INFOPLIST_FILE = YES;
				MARKETING_VERSION = 1.0;
				PRODUCT_BUNDLE_IDENTIFIER = com.dorin.moviesAppUITests;
				PRODUCT_NAME = "$(TARGET_NAME)";
				SWIFT_EMIT_LOC_STRINGS = NO;
				SWIFT_VERSION = 5.0;
				TARGETED_DEVICE_FAMILY = "1,2";
				TEST_TARGET_NAME = moviesApp;
			};
			name = Release;
		};
/* End XCBuildConfiguration section */

/* Begin XCConfigurationList section */
		5320D7DA2A5FF34800C318B7 /* Build configuration list for PBXProject "moviesApp" */ = {
			isa = XCConfigurationList;
			buildConfigurations = (
				5320D8072A5FF34B00C318B7 /* Debug */,
				5320D8082A5FF34B00C318B7 /* Release */,
			);
			defaultConfigurationIsVisible = 0;
			defaultConfigurationName = Release;
		};
		5320D8092A5FF34B00C318B7 /* Build configuration list for PBXNativeTarget "moviesApp" */ = {
			isa = XCConfigurationList;
			buildConfigurations = (
				5320D80A2A5FF34B00C318B7 /* Debug */,
				5320D80B2A5FF34B00C318B7 /* Release */,
			);
			defaultConfigurationIsVisible = 0;
			defaultConfigurationName = Release;
		};
		5320D80C2A5FF34B00C318B7 /* Build configuration list for PBXNativeTarget "moviesAppTests" */ = {
			isa = XCConfigurationList;
			buildConfigurations = (
				5320D80D2A5FF34B00C318B7 /* Debug */,
				5320D80E2A5FF34B00C318B7 /* Release */,
			);
			defaultConfigurationIsVisible = 0;
			defaultConfigurationName = Release;
		};
		5320D80F2A5FF34B00C318B7 /* Build configuration list for PBXNativeTarget "moviesAppUITests" */ = {
			isa = XCConfigurationList;
			buildConfigurations = (
				5320D8102A5FF34B00C318B7 /* Debug */,
				5320D8112A5FF34B00C318B7 /* Release */,
			);
			defaultConfigurationIsVisible = 0;
			defaultConfigurationName = Release;
		};
/* End XCConfigurationList section */
	};
	rootObject = 5320D7D72A5FF34800C318B7 /* Project object */;
}
